
Microsoft Visual Studio Solution File, Format Version 12.00
# Visual Studio Version 16
VisualStudioVersion = 16.0.30621.155
MinimumVisualStudioVersion = 10.0.40219.1
Project("{FAE04EC0-301F-11D3-BF4B-00C04F79EFBC}") = "Limbo.Umbraco.UnusedMedia", "Limbo.Umbraco.UnusedMedia\Limbo.Umbraco.UnusedMedia.csproj", "{11AED0D1-7663-4916-8D9F-8817415D3437}"
EndProject
Global
	GlobalSection(SolutionConfigurationPlatforms) = preSolution
		Debug|Any CPU = Debug|Any CPU
		Release|Any CPU = Release|Any CPU
	EndGlobalSection
	GlobalSection(ProjectConfigurationPlatforms) = postSolution
		{11AED0D1-7663-4916-8D9F-8817415D3437}.Debug|Any CPU.ActiveCfg = Debug|Any CPU
		{11AED0D1-7663-4916-8D9F-8817415D3437}.Debug|Any CPU.Build.0 = Debug|Any CPU
		{11AED0D1-7663-4916-8D9F-8817415D3437}.Release|Any CPU.ActiveCfg = Release|Any CPU
		{11AED0D1-7663-4916-8D9F-8817415D3437}.Release|Any CPU.Build.0 = Release|Any CPU
	EndGlobalSection
	GlobalSection(SolutionProperties) = preSolution
		HideSolutionNode = FALSE
	EndGlobalSection
	GlobalSection(ExtensibilityGlobals) = postSolution
		SolutionGuid = {3AA50D34-9EFA-4A43-ADDF-8DA76CA90678}
	EndGlobalSection
EndGlobal
